<?xml version="1.0" encoding="UTF-8"?>
<!DOCTYPE plist PUBLIC "-//Apple//DTD PLIST 1.0//EN" "http://www.apple.com/DTDs/PropertyList-1.0.dtd">
<plist version="1.0">
<dict>
	<key>archiveVersion</key>
	<string>1</string>
	<key>classes</key>
	<dict/>
	<key>objectVersion</key>
	<string>46</string>
	<key>objects</key>
	<dict>
		<key>2544EC29173BE382004117E8</key>
		<dict>
			<key>children</key>
			<array>
				<string>F4DE770519C963AE0040EF30</string>
				<string>25A753091747FC7E00F04F2F</string>
				<string>29B9ED6017DF4D350021E4D5</string>
				<string>2902D27C17DF4E1200C81C5A</string>
				<string>2902D29017DF4E2A00C81C5A</string>
				<string>2544EC34173BE382004117E8</string>
				<string>2544EC33173BE382004117E8</string>
				<string>F4DE771019C966280040EF30</string>
				<string>BC3ED500BB70CE9E77C8A7EB</string>
			</array>
			<key>isa</key>
			<string>PBXGroup</string>
			<key>sourceTree</key>
			<string>&lt;group&gt;</string>
		</dict>
		<key>2544EC2A173BE382004117E8</key>
		<dict>
			<key>attributes</key>
			<dict>
				<key>LastUpgradeCheck</key>
				<string>0510</string>
				<key>ORGANIZATIONNAME</key>
				<string>Simon Rice</string>
			</dict>
			<key>buildConfigurationList</key>
			<string>2544EC2D173BE382004117E8</string>
			<key>compatibilityVersion</key>
			<string>Xcode 3.2</string>
			<key>developmentRegion</key>
			<string>English</string>
			<key>hasScannedForEncodings</key>
			<string>0</string>
			<key>isa</key>
			<string>PBXProject</string>
			<key>knownRegions</key>
			<array>
				<string>en</string>
			</array>
			<key>mainGroup</key>
			<string>2544EC29173BE382004117E8</string>
			<key>productRefGroup</key>
			<string>2544EC33173BE382004117E8</string>
			<key>projectDirPath</key>
			<string></string>
			<key>projectReferences</key>
			<array/>
			<key>projectRoot</key>
			<string></string>
			<key>targets</key>
			<array>
				<string>2902D27717DF4E1100C81C5A</string>
				<string>2902D28B17DF4E2900C81C5A</string>
			</array>
		</dict>
		<key>2544EC2D173BE382004117E8</key>
		<dict>
			<key>buildConfigurations</key>
			<array>
				<string>2544EC55173BE382004117E8</string>
				<string>2544EC56173BE382004117E8</string>
			</array>
			<key>defaultConfigurationIsVisible</key>
			<string>0</string>
			<key>defaultConfigurationName</key>
			<string>Release</string>
			<key>isa</key>
			<string>XCConfigurationList</string>
		</dict>
		<key>2544EC33173BE382004117E8</key>
		<dict>
			<key>children</key>
			<array>
				<string>2902D27817DF4E1100C81C5A</string>
				<string>2902D28C17DF4E2900C81C5A</string>
			</array>
			<key>isa</key>
			<string>PBXGroup</string>
			<key>name</key>
			<string>Products</string>
			<key>sourceTree</key>
			<string>&lt;group&gt;</string>
		</dict>
		<key>2544EC34173BE382004117E8</key>
		<dict>
			<key>children</key>
			<array>
				<string>29133DD817DE7829006E0493</string>
				<string>29133DD617DE77ED006E0493</string>
				<string>29133DD417DE77A5006E0493</string>
				<string>25C4EC32173D7DD20083E116</string>
				<string>25C4EC30173D7DCA0083E116</string>
				<string>25C4EC2E173D7DC40083E116</string>
				<string>25C4EC2C173D7DBA0083E116</string>
				<string>25C4EC2A173D7DB30083E116</string>
				<string>2544EC35173BE382004117E8</string>
				<string>2544EC44173BE382004117E8</string>
				<string>2544EC80173BFAA8004117E8</string>
				<string>29B9ED5C17DF4D350021E4D5</string>
				<string>2544EC82173BFAA8004117E8</string>
				<string>55E73C267F33406A9F92476C</string>
				<string>96A923755B00464187DEDBAF</string>
				<string>2B6D24F8E1B74E10A269E8B3</string>
			</array>
			<key>isa</key>
			<string>PBXGroup</string>
			<key>name</key>
			<string>Frameworks</string>
			<key>sourceTree</key>
			<string>&lt;group&gt;</string>
		</dict>
		<key>2544EC35173BE382004117E8</key>
		<dict>
			<key>isa</key>
			<string>PBXFileReference</string>
			<key>lastKnownFileType</key>
			<string>wrapper.framework</string>
			<key>name</key>
			<string>Foundation.framework</string>
			<key>path</key>
			<string>System/Library/Frameworks/Foundation.framework</string>
			<key>sourceTree</key>
			<string>SDKROOT</string>
		</dict>
		<key>2544EC44173BE382004117E8</key>
		<dict>
			<key>isa</key>
			<string>PBXFileReference</string>
			<key>lastKnownFileType</key>
			<string>wrapper.framework</string>
			<key>name</key>
			<string>SenTestingKit.framework</string>
			<key>path</key>
			<string>Library/Frameworks/SenTestingKit.framework</string>
			<key>sourceTree</key>
			<string>DEVELOPER_DIR</string>
		</dict>
		<key>2544EC55173BE382004117E8</key>
		<dict>
			<key>buildSettings</key>
			<dict>
				<key>ALWAYS_SEARCH_USER_PATHS</key>
				<string>NO</string>
				<key>CLANG_CXX_LANGUAGE_STANDARD</key>
				<string>gnu++0x</string>
				<key>CLANG_CXX_LIBRARY</key>
				<string>libc++</string>
				<key>CLANG_ENABLE_OBJC_ARC</key>
				<string>YES</string>
				<key>CLANG_WARN_CONSTANT_CONVERSION</key>
				<string>YES</string>
				<key>CLANG_WARN_EMPTY_BODY</key>
				<string>YES</string>
				<key>CLANG_WARN_ENUM_CONVERSION</key>
				<string>YES</string>
				<key>CLANG_WARN_INT_CONVERSION</key>
				<string>YES</string>
				<key>CLANG_WARN__DUPLICATE_METHOD_MATCH</key>
				<string>YES</string>
				<key>COPY_PHASE_STRIP</key>
				<string>NO</string>
				<key>GCC_C_LANGUAGE_STANDARD</key>
				<string>gnu99</string>
				<key>GCC_DYNAMIC_NO_PIC</key>
				<string>NO</string>
				<key>GCC_OPTIMIZATION_LEVEL</key>
				<string>0</string>
				<key>GCC_PREPROCESSOR_DEFINITIONS</key>
				<array>
					<string>DEBUG=1</string>
					<string>$(inherited)</string>
				</array>
				<key>GCC_SYMBOLS_PRIVATE_EXTERN</key>
				<string>NO</string>
				<key>GCC_WARN_ABOUT_RETURN_TYPE</key>
				<string>YES</string>
				<key>GCC_WARN_UNINITIALIZED_AUTOS</key>
				<string>YES</string>
				<key>GCC_WARN_UNUSED_VARIABLE</key>
				<string>YES</string>
				<key>IPHONEOS_DEPLOYMENT_TARGET</key>
				<string>6.1</string>
				<key>ONLY_ACTIVE_ARCH</key>
				<string>YES</string>
				<key>SDKROOT</key>
				<string>iphoneos</string>
			</dict>
			<key>isa</key>
			<string>XCBuildConfiguration</string>
			<key>name</key>
			<string>Debug</string>
		</dict>
		<key>2544EC56173BE382004117E8</key>
		<dict>
			<key>buildSettings</key>
			<dict>
				<key>ALWAYS_SEARCH_USER_PATHS</key>
				<string>NO</string>
				<key>CLANG_CXX_LANGUAGE_STANDARD</key>
				<string>gnu++0x</string>
				<key>CLANG_CXX_LIBRARY</key>
				<string>libc++</string>
				<key>CLANG_ENABLE_OBJC_ARC</key>
				<string>YES</string>
				<key>CLANG_WARN_CONSTANT_CONVERSION</key>
				<string>YES</string>
				<key>CLANG_WARN_EMPTY_BODY</key>
				<string>YES</string>
				<key>CLANG_WARN_ENUM_CONVERSION</key>
				<string>YES</string>
				<key>CLANG_WARN_INT_CONVERSION</key>
				<string>YES</string>
				<key>CLANG_WARN__DUPLICATE_METHOD_MATCH</key>
				<string>YES</string>
				<key>COPY_PHASE_STRIP</key>
				<string>YES</string>
				<key>GCC_C_LANGUAGE_STANDARD</key>
				<string>gnu99</string>
				<key>GCC_WARN_ABOUT_RETURN_TYPE</key>
				<string>YES</string>
				<key>GCC_WARN_UNINITIALIZED_AUTOS</key>
				<string>YES</string>
				<key>GCC_WARN_UNUSED_VARIABLE</key>
				<string>YES</string>
				<key>IPHONEOS_DEPLOYMENT_TARGET</key>
				<string>6.1</string>
				<key>SDKROOT</key>
				<string>iphoneos</string>
				<key>VALIDATE_PRODUCT</key>
				<string>YES</string>
			</dict>
			<key>isa</key>
			<string>XCBuildConfiguration</string>
			<key>name</key>
			<string>Release</string>
		</dict>
		<key>2544EC80173BFAA8004117E8</key>
		<dict>
			<key>isa</key>
			<string>PBXFileReference</string>
			<key>lastKnownFileType</key>
			<string>wrapper.framework</string>
			<key>name</key>
			<string>Cocoa.framework</string>
			<key>path</key>
			<string>Library/Frameworks/Cocoa.framework</string>
			<key>sourceTree</key>
			<string>DEVELOPER_DIR</string>
		</dict>
		<key>2544EC82173BFAA8004117E8</key>
		<dict>
			<key>children</key>
			<array>
				<string>2544EC83173BFAA8004117E8</string>
				<string>2544EC84173BFAA8004117E8</string>
				<string>2544EC85173BFAA8004117E8</string>
			</array>
			<key>isa</key>
			<string>PBXGroup</string>
			<key>name</key>
			<string>Other Frameworks</string>
			<key>sourceTree</key>
			<string>&lt;group&gt;</string>
		</dict>
		<key>2544EC83173BFAA8004117E8</key>
		<dict>
			<key>isa</key>
			<string>PBXFileReference</string>
			<key>lastKnownFileType</key>
			<string>wrapper.framework</string>
			<key>name</key>
			<string>AppKit.framework</string>
			<key>path</key>
			<string>Library/Frameworks/AppKit.framework</string>
			<key>sourceTree</key>
			<string>SDKROOT</string>
		</dict>
		<key>2544EC84173BFAA8004117E8</key>
		<dict>
			<key>isa</key>
			<string>PBXFileReference</string>
			<key>lastKnownFileType</key>
			<string>wrapper.framework</string>
			<key>name</key>
			<string>CoreData.framework</string>
			<key>path</key>
			<string>Library/Frameworks/CoreData.framework</string>
			<key>sourceTree</key>
			<string>SDKROOT</string>
		</dict>
		<key>2544EC85173BFAA8004117E8</key>
		<dict>
			<key>isa</key>
			<string>PBXFileReference</string>
			<key>lastKnownFileType</key>
			<string>wrapper.framework</string>
			<key>name</key>
			<string>Foundation.framework</string>
			<key>path</key>
			<string>Library/Frameworks/Foundation.framework</string>
			<key>sourceTree</key>
			<string>SDKROOT</string>
		</dict>
		<key>25A753091747FC7E00F04F2F</key>
		<dict>
			<key>children</key>
			<array>
				<string>F8C6F281174D2C6200B154D5</string>
				<string>F8E801E9175AC34D008D3886</string>
			</array>
			<key>isa</key>
			<string>PBXGroup</string>
			<key>name</key>
			<string>Resources</string>
			<key>sourceTree</key>
			<string>&lt;group&gt;</string>
		</dict>
		<key>25C4EC2A173D7DB30083E116</key>
		<dict>
			<key>isa</key>
			<string>PBXFileReference</string>
			<key>lastKnownFileType</key>
			<string>wrapper.framework</string>
			<key>name</key>
			<string>SystemConfiguration.framework</string>
			<key>path</key>
			<string>Platforms/MacOSX.platform/Developer/SDKs/MacOSX10.8.sdk/System/Library/Frameworks/SystemConfiguration.framework</string>
			<key>sourceTree</key>
			<string>DEVELOPER_DIR</string>
		</dict>
		<key>25C4EC2C173D7DBA0083E116</key>
		<dict>
			<key>isa</key>
			<string>PBXFileReference</string>
			<key>lastKnownFileType</key>
			<string>wrapper.framework</string>
			<key>name</key>
			<string>CoreServices.framework</string>
			<key>path</key>
			<string>Platforms/MacOSX.platform/Developer/SDKs/MacOSX10.8.sdk/System/Library/Frameworks/CoreServices.framework</string>
			<key>sourceTree</key>
			<string>DEVELOPER_DIR</string>
		</dict>
		<key>25C4EC2E173D7DC40083E116</key>
		<dict>
			<key>isa</key>
			<string>PBXFileReference</string>
			<key>lastKnownFileType</key>
			<string>wrapper.framework</string>
			<key>name</key>
			<string>CFNetwork.framework</string>
			<key>path</key>
			<string>System/Library/Frameworks/CFNetwork.framework</string>
			<key>sourceTree</key>
			<string>SDKROOT</string>
		</dict>
		<key>25C4EC30173D7DCA0083E116</key>
		<dict>
			<key>isa</key>
			<string>PBXFileReference</string>
			<key>lastKnownFileType</key>
			<string>wrapper.framework</string>
			<key>name</key>
			<string>MobileCoreServices.framework</string>
			<key>path</key>
			<string>System/Library/Frameworks/MobileCoreServices.framework</string>
			<key>sourceTree</key>
			<string>SDKROOT</string>
		</dict>
		<key>25C4EC32173D7DD20083E116</key>
		<dict>
			<key>isa</key>
			<string>PBXFileReference</string>
			<key>lastKnownFileType</key>
			<string>wrapper.framework</string>
			<key>name</key>
			<string>SystemConfiguration.framework</string>
			<key>path</key>
			<string>System/Library/Frameworks/SystemConfiguration.framework</string>
			<key>sourceTree</key>
			<string>SDKROOT</string>
		</dict>
		<key>2902D27417DF4E1100C81C5A</key>
		<dict>
			<key>buildActionMask</key>
			<string>2147483647</string>
			<key>files</key>
			<array>
				<string>F4A3419619CBD3C600DAC2DC</string>
				<string>F4DE770B19C9642E0040EF30</string>
				<string>F4A3419319CBD30A00DAC2DC</string>
				<string>F4DE770819C963D80040EF30</string>
				<string>F4A3418F19CBD2C400DAC2DC</string>
				<string>F4DE770F19C9646A0040EF30</string>
			</array>
			<key>isa</key>
			<string>PBXSourcesBuildPhase</string>
			<key>runOnlyForDeploymentPostprocessing</key>
			<string>0</string>
		</dict>
		<key>2902D27517DF4E1100C81C5A</key>
		<dict>
			<key>buildActionMask</key>
			<string>2147483647</string>
			<key>files</key>
			<array>
				<string>2902D27917DF4E1100C81C5A</string>
				<string>2902D27B17DF4E1200C81C5A</string>
				<string>2902D27A17DF4E1200C81C5A</string>
				<string>6D86BAA5C6174E98AE719CE9</string>
			</array>
			<key>isa</key>
			<string>PBXFrameworksBuildPhase</string>
			<key>runOnlyForDeploymentPostprocessing</key>
			<string>0</string>
		</dict>
		<key>2902D27617DF4E1100C81C5A</key>
		<dict>
			<key>buildActionMask</key>
			<string>2147483647</string>
			<key>files</key>
			<array>
				<string>F4DE771119C966280040EF30</string>
				<string>2902D28117DF4E1200C81C5A</string>
			</array>
			<key>isa</key>
			<string>PBXResourcesBuildPhase</string>
			<key>runOnlyForDeploymentPostprocessing</key>
			<string>0</string>
		</dict>
		<key>2902D27717DF4E1100C81C5A</key>
		<dict>
			<key>buildConfigurationList</key>
			<string>2902D28717DF4E1200C81C5A</string>
			<key>buildPhases</key>
			<array>
				<string>54CD36584E3B40719F14C3C9</string>
				<string>2902D27417DF4E1100C81C5A</string>
				<string>2902D27517DF4E1100C81C5A</string>
				<string>2902D27617DF4E1100C81C5A</string>
				<string>DFF6BB8B6C8D4F8ABC235667</string>
			</array>
			<key>buildRules</key>
			<array/>
			<key>dependencies</key>
			<array/>
			<key>isa</key>
			<string>PBXNativeTarget</string>
			<key>name</key>
			<string>iOS Tests</string>
			<key>productName</key>
			<string>iOS Tests</string>
			<key>productReference</key>
			<string>2902D27817DF4E1100C81C5A</string>
			<key>productType</key>
			<string>com.apple.product-type.bundle.unit-test</string>
		</dict>
		<key>2902D27817DF4E1100C81C5A</key>
		<dict>
			<key>explicitFileType</key>
			<string>wrapper.cfbundle</string>
			<key>includeInIndex</key>
			<string>0</string>
			<key>isa</key>
			<string>PBXFileReference</string>
			<key>path</key>
			<string>iOS Tests.xctest</string>
			<key>sourceTree</key>
			<string>BUILT_PRODUCTS_DIR</string>
		</dict>
		<key>2902D27917DF4E1100C81C5A</key>
		<dict>
			<key>fileRef</key>
			<string>29B9ED5C17DF4D350021E4D5</string>
			<key>isa</key>
			<string>PBXBuildFile</string>
		</dict>
		<key>2902D27A17DF4E1200C81C5A</key>
		<dict>
			<key>fileRef</key>
			<string>2544EC35173BE382004117E8</string>
			<key>isa</key>
			<string>PBXBuildFile</string>
		</dict>
		<key>2902D27B17DF4E1200C81C5A</key>
		<dict>
			<key>fileRef</key>
			<string>29133DD617DE77ED006E0493</string>
			<key>isa</key>
			<string>PBXBuildFile</string>
		</dict>
		<key>2902D27C17DF4E1200C81C5A</key>
		<dict>
			<key>children</key>
			<array>
				<string>2902D27D17DF4E1200C81C5A</string>
			</array>
			<key>isa</key>
			<string>PBXGroup</string>
			<key>path</key>
			<string>iOS Tests</string>
			<key>sourceTree</key>
			<string>&lt;group&gt;</string>
		</dict>
		<key>2902D27D17DF4E1200C81C5A</key>
		<dict>
			<key>children</key>
			<array>
				<string>2902D27E17DF4E1200C81C5A</string>
				<string>2902D27F17DF4E1200C81C5A</string>
				<string>2902D28417DF4E1200C81C5A</string>
			</array>
			<key>isa</key>
			<string>PBXGroup</string>
			<key>name</key>
			<string>Supporting Files</string>
			<key>sourceTree</key>
			<string>&lt;group&gt;</string>
		</dict>
		<key>2902D27E17DF4E1200C81C5A</key>
		<dict>
			<key>isa</key>
			<string>PBXFileReference</string>
			<key>lastKnownFileType</key>
			<string>text.plist.xml</string>
			<key>path</key>
			<string>iOS Tests-Info.plist</string>
			<key>sourceTree</key>
			<string>&lt;group&gt;</string>
		</dict>
		<key>2902D27F17DF4E1200C81C5A</key>
		<dict>
			<key>children</key>
			<array>
				<string>2902D28017DF4E1200C81C5A</string>
			</array>
			<key>isa</key>
			<string>PBXVariantGroup</string>
			<key>name</key>
			<string>InfoPlist.strings</string>
			<key>sourceTree</key>
			<string>&lt;group&gt;</string>
		</dict>
		<key>2902D28017DF4E1200C81C5A</key>
		<dict>
			<key>isa</key>
			<string>PBXFileReference</string>
			<key>lastKnownFileType</key>
			<string>text.plist.strings</string>
			<key>name</key>
			<string>en</string>
			<key>path</key>
			<string>en.lproj/InfoPlist.strings</string>
			<key>sourceTree</key>
			<string>&lt;group&gt;</string>
		</dict>
		<key>2902D28117DF4E1200C81C5A</key>
		<dict>
			<key>fileRef</key>
			<string>2902D27F17DF4E1200C81C5A</string>
			<key>isa</key>
			<string>PBXBuildFile</string>
		</dict>
		<key>2902D28417DF4E1200C81C5A</key>
		<dict>
			<key>isa</key>
			<string>PBXFileReference</string>
			<key>lastKnownFileType</key>
			<string>sourcecode.c.h</string>
			<key>path</key>
			<string>iOS Tests-Prefix.pch</string>
			<key>sourceTree</key>
			<string>&lt;group&gt;</string>
		</dict>
		<key>2902D28517DF4E1200C81C5A</key>
		<dict>
			<key>baseConfigurationReference</key>
			<string>7DA977C546BFBDCA4202BDE1</string>
			<key>buildSettings</key>
			<dict>
				<key>CLANG_ENABLE_MODULES</key>
				<string>YES</string>
				<key>CLANG_WARN_BOOL_CONVERSION</key>
				<string>YES</string>
				<key>CLANG_WARN_DIRECT_OBJC_ISA_USAGE</key>
				<string>YES_ERROR</string>
				<key>CLANG_WARN_OBJC_ROOT_CLASS</key>
				<string>YES_ERROR</string>
				<key>FRAMEWORK_SEARCH_PATHS</key>
				<array>
					<string>$(SDKROOT)/Developer/Library/Frameworks</string>
					<string>$(inherited)</string>
					<string>$(DEVELOPER_FRAMEWORKS_DIR)</string>
				</array>
				<key>GCC_PRECOMPILE_PREFIX_HEADER</key>
				<string>YES</string>
				<key>GCC_PREFIX_HEADER</key>
				<string>iOS Tests/iOS Tests-Prefix.pch</string>
				<key>GCC_PREPROCESSOR_DEFINITIONS</key>
				<array>
					<string>DEBUG=1</string>
					<string>$(inherited)</string>
				</array>
				<key>GCC_WARN_ABOUT_RETURN_TYPE</key>
				<string>YES_ERROR</string>
				<key>GCC_WARN_UNDECLARED_SELECTOR</key>
				<string>YES</string>
				<key>GCC_WARN_UNUSED_FUNCTION</key>
				<string>YES</string>
				<key>INFOPLIST_FILE</key>
				<string>iOS Tests/iOS Tests-Info.plist</string>
				<key>IPHONEOS_DEPLOYMENT_TARGET</key>
				<string>7.0</string>
				<key>PRODUCT_NAME</key>
				<string>$(TARGET_NAME)</string>
				<key>WRAPPER_EXTENSION</key>
				<string>xctest</string>
			</dict>
			<key>isa</key>
			<string>XCBuildConfiguration</string>
			<key>name</key>
			<string>Debug</string>
		</dict>
		<key>2902D28617DF4E1200C81C5A</key>
		<dict>
			<key>baseConfigurationReference</key>
			<string>E0F269CBD8FCAA0AFB0FC7F0</string>
			<key>buildSettings</key>
			<dict>
				<key>CLANG_ENABLE_MODULES</key>
				<string>YES</string>
				<key>CLANG_WARN_BOOL_CONVERSION</key>
				<string>YES</string>
				<key>CLANG_WARN_DIRECT_OBJC_ISA_USAGE</key>
				<string>YES_ERROR</string>
				<key>CLANG_WARN_OBJC_ROOT_CLASS</key>
				<string>YES_ERROR</string>
				<key>ENABLE_NS_ASSERTIONS</key>
				<string>NO</string>
				<key>FRAMEWORK_SEARCH_PATHS</key>
				<array>
					<string>$(SDKROOT)/Developer/Library/Frameworks</string>
					<string>$(inherited)</string>
					<string>$(DEVELOPER_FRAMEWORKS_DIR)</string>
				</array>
				<key>GCC_PRECOMPILE_PREFIX_HEADER</key>
				<string>YES</string>
				<key>GCC_PREFIX_HEADER</key>
				<string>iOS Tests/iOS Tests-Prefix.pch</string>
				<key>GCC_WARN_ABOUT_RETURN_TYPE</key>
				<string>YES_ERROR</string>
				<key>GCC_WARN_UNDECLARED_SELECTOR</key>
				<string>YES</string>
				<key>GCC_WARN_UNUSED_FUNCTION</key>
				<string>YES</string>
				<key>INFOPLIST_FILE</key>
				<string>iOS Tests/iOS Tests-Info.plist</string>
				<key>IPHONEOS_DEPLOYMENT_TARGET</key>
				<string>7.0</string>
				<key>PRODUCT_NAME</key>
				<string>$(TARGET_NAME)</string>
				<key>WRAPPER_EXTENSION</key>
				<string>xctest</string>
			</dict>
			<key>isa</key>
			<string>XCBuildConfiguration</string>
			<key>name</key>
			<string>Release</string>
		</dict>
		<key>2902D28717DF4E1200C81C5A</key>
		<dict>
			<key>buildConfigurations</key>
			<array>
				<string>2902D28517DF4E1200C81C5A</string>
				<string>2902D28617DF4E1200C81C5A</string>
			</array>
			<key>defaultConfigurationIsVisible</key>
			<string>0</string>
			<key>defaultConfigurationName</key>
			<string>Release</string>
			<key>isa</key>
			<string>XCConfigurationList</string>
		</dict>
		<key>2902D28817DF4E2900C81C5A</key>
		<dict>
			<key>buildActionMask</key>
			<string>2147483647</string>
			<key>files</key>
			<array>
				<string>F4A3419719CBDCE400DAC2DC</string>
				<string>F4DE770D19C964320040EF30</string>
				<string>F4A3419419CBD30A00DAC2DC</string>
				<string>F4DE770C19C9642E0040EF30</string>
				<string>F4A3419019CBD2C400DAC2DC</string>
				<string>F4DE771319C969240040EF30</string>
			</array>
			<key>isa</key>
			<string>PBXSourcesBuildPhase</string>
			<key>runOnlyForDeploymentPostprocessing</key>
			<string>0</string>
		</dict>
		<key>2902D28917DF4E2900C81C5A</key>
		<dict>
			<key>buildActionMask</key>
			<string>2147483647</string>
			<key>files</key>
			<array>
				<string>2902D28D17DF4E2900C81C5A</string>
				<string>2902D28E17DF4E2A00C81C5A</string>
				<string>3D56634E3A564CEE86172413</string>
			</array>
			<key>isa</key>
			<string>PBXFrameworksBuildPhase</string>
			<key>runOnlyForDeploymentPostprocessing</key>
			<string>0</string>
		</dict>
		<key>2902D28A17DF4E2900C81C5A</key>
		<dict>
			<key>buildActionMask</key>
			<string>2147483647</string>
			<key>files</key>
			<array>
				<string>F4DE771419C969A90040EF30</string>
				<string>2902D29517DF4E2A00C81C5A</string>
			</array>
			<key>isa</key>
			<string>PBXResourcesBuildPhase</string>
			<key>runOnlyForDeploymentPostprocessing</key>
			<string>0</string>
		</dict>
		<key>2902D28B17DF4E2900C81C5A</key>
		<dict>
			<key>buildConfigurationList</key>
			<string>2902D29917DF4E2A00C81C5A</string>
			<key>buildPhases</key>
			<array>
				<string>6949C05DBEB94BC2BAE81768</string>
				<string>2902D28817DF4E2900C81C5A</string>
				<string>2902D28917DF4E2900C81C5A</string>
				<string>2902D28A17DF4E2900C81C5A</string>
				<string>D728EB5862164B87922C9B80</string>
			</array>
			<key>buildRules</key>
			<array/>
			<key>dependencies</key>
			<array/>
			<key>isa</key>
			<string>PBXNativeTarget</string>
			<key>name</key>
			<string>OS X Tests</string>
			<key>productName</key>
			<string>OS X Tests</string>
			<key>productReference</key>
			<string>2902D28C17DF4E2900C81C5A</string>
			<key>productType</key>
			<string>com.apple.product-type.bundle.unit-test</string>
		</dict>
		<key>2902D28C17DF4E2900C81C5A</key>
		<dict>
			<key>explicitFileType</key>
			<string>wrapper.cfbundle</string>
			<key>includeInIndex</key>
			<string>0</string>
			<key>isa</key>
			<string>PBXFileReference</string>
			<key>path</key>
			<string>OS X Tests.xctest</string>
			<key>sourceTree</key>
			<string>BUILT_PRODUCTS_DIR</string>
		</dict>
		<key>2902D28D17DF4E2900C81C5A</key>
		<dict>
			<key>fileRef</key>
			<string>29B9ED5C17DF4D350021E4D5</string>
			<key>isa</key>
			<string>PBXBuildFile</string>
		</dict>
		<key>2902D28E17DF4E2A00C81C5A</key>
		<dict>
			<key>fileRef</key>
			<string>2544EC35173BE382004117E8</string>
			<key>isa</key>
			<string>PBXBuildFile</string>
		</dict>
		<key>2902D29017DF4E2A00C81C5A</key>
		<dict>
			<key>children</key>
			<array>
				<string>2902D29117DF4E2A00C81C5A</string>
			</array>
			<key>isa</key>
			<string>PBXGroup</string>
			<key>path</key>
			<string>OS X Tests</string>
			<key>sourceTree</key>
			<string>&lt;group&gt;</string>
		</dict>
		<key>2902D29117DF4E2A00C81C5A</key>
		<dict>
			<key>children</key>
			<array>
				<string>2902D29217DF4E2A00C81C5A</string>
				<string>2902D29317DF4E2A00C81C5A</string>
				<string>2902D29817DF4E2A00C81C5A</string>
			</array>
			<key>isa</key>
			<string>PBXGroup</string>
			<key>name</key>
			<string>Supporting Files</string>
			<key>sourceTree</key>
			<string>&lt;group&gt;</string>
		</dict>
		<key>2902D29217DF4E2A00C81C5A</key>
		<dict>
			<key>isa</key>
			<string>PBXFileReference</string>
			<key>lastKnownFileType</key>
			<string>text.plist.xml</string>
			<key>path</key>
			<string>OS X Tests-Info.plist</string>
			<key>sourceTree</key>
			<string>&lt;group&gt;</string>
		</dict>
		<key>2902D29317DF4E2A00C81C5A</key>
		<dict>
			<key>children</key>
			<array>
				<string>2902D29417DF4E2A00C81C5A</string>
			</array>
			<key>isa</key>
			<string>PBXVariantGroup</string>
			<key>name</key>
			<string>InfoPlist.strings</string>
			<key>sourceTree</key>
			<string>&lt;group&gt;</string>
		</dict>
		<key>2902D29417DF4E2A00C81C5A</key>
		<dict>
			<key>isa</key>
			<string>PBXFileReference</string>
			<key>lastKnownFileType</key>
			<string>text.plist.strings</string>
			<key>name</key>
			<string>en</string>
			<key>path</key>
			<string>en.lproj/InfoPlist.strings</string>
			<key>sourceTree</key>
			<string>&lt;group&gt;</string>
		</dict>
		<key>2902D29517DF4E2A00C81C5A</key>
		<dict>
			<key>fileRef</key>
			<string>2902D29317DF4E2A00C81C5A</string>
			<key>isa</key>
			<string>PBXBuildFile</string>
		</dict>
		<key>2902D29817DF4E2A00C81C5A</key>
		<dict>
			<key>isa</key>
			<string>PBXFileReference</string>
			<key>lastKnownFileType</key>
			<string>sourcecode.c.h</string>
			<key>path</key>
			<string>OS X Tests-Prefix.pch</string>
			<key>sourceTree</key>
			<string>&lt;group&gt;</string>
		</dict>
		<key>2902D29917DF4E2A00C81C5A</key>
		<dict>
			<key>buildConfigurations</key>
			<array>
				<string>2902D29A17DF4E2A00C81C5A</string>
				<string>2902D29B17DF4E2A00C81C5A</string>
			</array>
			<key>defaultConfigurationIsVisible</key>
			<string>0</string>
			<key>defaultConfigurationName</key>
			<string>Release</string>
			<key>isa</key>
			<string>XCConfigurationList</string>
		</dict>
		<key>2902D29A17DF4E2A00C81C5A</key>
		<dict>
			<key>baseConfigurationReference</key>
			<string>B706CB44FD8499050114F387</string>
			<key>buildSettings</key>
			<dict>
				<key>CLANG_ENABLE_MODULES</key>
				<string>YES</string>
				<key>CLANG_WARN_BOOL_CONVERSION</key>
				<string>YES</string>
				<key>CLANG_WARN_DIRECT_OBJC_ISA_USAGE</key>
				<string>YES_ERROR</string>
				<key>CLANG_WARN_OBJC_ROOT_CLASS</key>
				<string>YES_ERROR</string>
				<key>COMBINE_HIDPI_IMAGES</key>
				<string>YES</string>
				<key>FRAMEWORK_SEARCH_PATHS</key>
				<array>
					<string>$(SDKROOT)/Developer/Library/Frameworks</string>
					<string>$(inherited)</string>
					<string>$(DEVELOPER_FRAMEWORKS_DIR)</string>
				</array>
				<key>GCC_PRECOMPILE_PREFIX_HEADER</key>
				<string>YES</string>
				<key>GCC_PREFIX_HEADER</key>
				<string>OS X Tests/OS X Tests-Prefix.pch</string>
				<key>GCC_PREPROCESSOR_DEFINITIONS</key>
				<array>
					<string>DEBUG=1</string>
					<string>$(inherited)</string>
				</array>
				<key>GCC_WARN_ABOUT_RETURN_TYPE</key>
				<string>YES_ERROR</string>
				<key>GCC_WARN_UNDECLARED_SELECTOR</key>
				<string>YES</string>
				<key>GCC_WARN_UNUSED_FUNCTION</key>
				<string>YES</string>
				<key>INFOPLIST_FILE</key>
				<string>OS X Tests/OS X Tests-Info.plist</string>
				<key>IPHONEOS_DEPLOYMENT_TARGET</key>
				<string>7.0</string>
				<key>PRODUCT_NAME</key>
				<string>$(TARGET_NAME)</string>
				<key>SDKROOT</key>
				<string>macosx</string>
				<key>WRAPPER_EXTENSION</key>
				<string>xctest</string>
			</dict>
			<key>isa</key>
			<string>XCBuildConfiguration</string>
			<key>name</key>
			<string>Debug</string>
		</dict>
		<key>2902D29B17DF4E2A00C81C5A</key>
		<dict>
			<key>baseConfigurationReference</key>
			<string>6A5C709549BF14D0F6CFFB75</string>
			<key>buildSettings</key>
			<dict>
				<key>CLANG_ENABLE_MODULES</key>
				<string>YES</string>
				<key>CLANG_WARN_BOOL_CONVERSION</key>
				<string>YES</string>
				<key>CLANG_WARN_DIRECT_OBJC_ISA_USAGE</key>
				<string>YES_ERROR</string>
				<key>CLANG_WARN_OBJC_ROOT_CLASS</key>
				<string>YES_ERROR</string>
				<key>COMBINE_HIDPI_IMAGES</key>
				<string>YES</string>
				<key>ENABLE_NS_ASSERTIONS</key>
				<string>NO</string>
				<key>FRAMEWORK_SEARCH_PATHS</key>
				<array>
					<string>$(SDKROOT)/Developer/Library/Frameworks</string>
					<string>$(inherited)</string>
					<string>$(DEVELOPER_FRAMEWORKS_DIR)</string>
				</array>
				<key>GCC_PRECOMPILE_PREFIX_HEADER</key>
				<string>YES</string>
				<key>GCC_PREFIX_HEADER</key>
				<string>OS X Tests/OS X Tests-Prefix.pch</string>
				<key>GCC_WARN_ABOUT_RETURN_TYPE</key>
				<string>YES_ERROR</string>
				<key>GCC_WARN_UNDECLARED_SELECTOR</key>
				<string>YES</string>
				<key>GCC_WARN_UNUSED_FUNCTION</key>
				<string>YES</string>
				<key>INFOPLIST_FILE</key>
				<string>OS X Tests/OS X Tests-Info.plist</string>
				<key>IPHONEOS_DEPLOYMENT_TARGET</key>
				<string>7.0</string>
				<key>PRODUCT_NAME</key>
				<string>$(TARGET_NAME)</string>
				<key>SDKROOT</key>
				<string>macosx</string>
				<key>WRAPPER_EXTENSION</key>
				<string>xctest</string>
			</dict>
			<key>isa</key>
			<string>XCBuildConfiguration</string>
			<key>name</key>
			<string>Release</string>
		</dict>
		<key>29133DD417DE77A5006E0493</key>
		<dict>
			<key>isa</key>
			<string>PBXFileReference</string>
			<key>lastKnownFileType</key>
			<string>wrapper.framework</string>
			<key>name</key>
			<string>CoreGraphics.framework</string>
			<key>path</key>
			<string>System/Library/Frameworks/CoreGraphics.framework</string>
			<key>sourceTree</key>
			<string>SDKROOT</string>
		</dict>
		<key>29133DD617DE77ED006E0493</key>
		<dict>
			<key>isa</key>
			<string>PBXFileReference</string>
			<key>lastKnownFileType</key>
			<string>wrapper.framework</string>
			<key>name</key>
			<string>UIKit.framework</string>
			<key>path</key>
			<string>System/Library/Frameworks/UIKit.framework</string>
			<key>sourceTree</key>
			<string>SDKROOT</string>
		</dict>
		<key>29133DD817DE7829006E0493</key>
		<dict>
			<key>isa</key>
			<string>PBXFileReference</string>
			<key>lastKnownFileType</key>
			<string>wrapper.framework</string>
			<key>name</key>
			<string>Security.framework</string>
			<key>path</key>
			<string>System/Library/Frameworks/Security.framework</string>
			<key>sourceTree</key>
			<string>SDKROOT</string>
		</dict>
		<key>29B9ED5C17DF4D350021E4D5</key>
		<dict>
			<key>isa</key>
			<string>PBXFileReference</string>
			<key>lastKnownFileType</key>
			<string>wrapper.framework</string>
			<key>name</key>
			<string>XCTest.framework</string>
			<key>path</key>
			<string>Library/Frameworks/XCTest.framework</string>
			<key>sourceTree</key>
			<string>DEVELOPER_DIR</string>
		</dict>
		<key>29B9ED6017DF4D350021E4D5</key>
		<dict>
			<key>children</key>
			<array>
				<string>F4DE770E19C9646A0040EF30</string>
				<string>F4A3419519CBD3C600DAC2DC</string>
			</array>
			<key>isa</key>
			<string>PBXGroup</string>
			<key>path</key>
			<string>Tests</string>
			<key>sourceTree</key>
			<string>&lt;group&gt;</string>
		</dict>
		<key>29CBFC4E17DF61920021AB75</key>
		<dict>
			<key>children</key>
			<array>
				<string>64491A4918AAF01600F35444</string>
				<string>64491A4618AAEFFF00F35444</string>
				<string>649154E818AAD260002E57F9</string>
				<string>29CBFC7517DF697C0021AB75</string>
			</array>
			<key>isa</key>
			<string>PBXGroup</string>
			<key>name</key>
			<string>HTTPBin.org</string>
			<key>path</key>
			<string>Resources/HTTPBin.org</string>
			<key>sourceTree</key>
			<string>&lt;group&gt;</string>
		</dict>
		<key>29CBFC7517DF697C0021AB75</key>
		<dict>
			<key>isa</key>
			<string>PBXFileReference</string>
			<key>lastKnownFileType</key>
			<string>folder</string>
			<key>path</key>
			<string>HTTPBinOrgServerTrustChain</string>
			<key>sourceTree</key>
			<string>&lt;group&gt;</string>
		</dict>
		<key>29CBFC7B17DF74A80021AB75</key>
		<dict>
			<key>children</key>
			<array>
				<string>29CBFC8617DF74C60021AB75</string>
			</array>
			<key>isa</key>
			<string>PBXGroup</string>
			<key>name</key>
			<string>ADN.net</string>
			<key>path</key>
			<string>Resources/ADN.net</string>
			<key>sourceTree</key>
			<string>&lt;group&gt;</string>
		</dict>
		<key>29CBFC8617DF74C60021AB75</key>
		<dict>
			<key>isa</key>
			<string>PBXFileReference</string>
			<key>lastKnownFileType</key>
			<string>folder</string>
			<key>path</key>
			<string>ADNNetServerTrustChain</string>
			<key>sourceTree</key>
			<string>&lt;group&gt;</string>
		</dict>
		<key>2B6D24F8E1B74E10A269E8B3</key>
		<dict>
			<key>explicitFileType</key>
			<string>archive.ar</string>
			<key>includeInIndex</key>
			<string>0</string>
			<key>isa</key>
			<string>PBXFileReference</string>
			<key>path</key>
			<string>libPods.a</string>
			<key>sourceTree</key>
			<string>BUILT_PRODUCTS_DIR</string>
		</dict>
		<key>3D56634E3A564CEE86172413</key>
		<dict>
			<key>fileRef</key>
			<string>96A923755B00464187DEDBAF</string>
			<key>isa</key>
			<string>PBXBuildFile</string>
		</dict>
		<key>54CD36584E3B40719F14C3C9</key>
		<dict>
			<key>buildActionMask</key>
			<string>2147483647</string>
			<key>files</key>
			<array/>
			<key>inputPaths</key>
			<array/>
			<key>isa</key>
			<string>PBXShellScriptBuildPhase</string>
			<key>name</key>
			<string>Check Pods Manifest.lock</string>
			<key>outputPaths</key>
			<array/>
			<key>runOnlyForDeploymentPostprocessing</key>
			<string>0</string>
			<key>shellPath</key>
			<string>/bin/sh</string>
			<key>shellScript</key>
			<string>diff "${PODS_ROOT}/../Podfile.lock" "${PODS_ROOT}/Manifest.lock" &gt; /dev/null
if [[ $? != 0 ]] ; then
    cat &lt;&lt; EOM
error: The sandbox is not in sync with the Podfile.lock. Run 'pod install' or update your CocoaPods installation.
EOM
    exit 1
fi
</string>
			<key>showEnvVarsInLog</key>
			<string>0</string>
		</dict>
		<key>55E73C267F33406A9F92476C</key>
		<dict>
			<key>explicitFileType</key>
			<string>archive.ar</string>
			<key>includeInIndex</key>
			<string>0</string>
			<key>isa</key>
			<string>PBXFileReference</string>
			<key>path</key>
			<string>libPods-ios.a</string>
			<key>sourceTree</key>
			<string>BUILT_PRODUCTS_DIR</string>
		</dict>
		<key>64491A4618AAEFFF00F35444</key>
		<dict>
			<key>isa</key>
			<string>PBXFileReference</string>
			<key>lastKnownFileType</key>
			<string>file</string>
			<key>path</key>
			<string>Geotrust_Root_CA.cer</string>
			<key>sourceTree</key>
			<string>&lt;group&gt;</string>
		</dict>
		<key>64491A4918AAF01600F35444</key>
		<dict>
			<key>isa</key>
			<string>PBXFileReference</string>
			<key>lastKnownFileType</key>
			<string>file</string>
			<key>path</key>
			<string>Rapid_SSL_CA.cer</string>
			<key>sourceTree</key>
			<string>&lt;group&gt;</string>
		</dict>
		<key>649154E818AAD260002E57F9</key>
		<dict>
			<key>isa</key>
			<string>PBXFileReference</string>
			<key>lastKnownFileType</key>
			<string>file</string>
			<key>path</key>
			<string>httpbinorg_11212014.cer</string>
			<key>sourceTree</key>
			<string>&lt;group&gt;</string>
		</dict>
		<key>6949C05DBEB94BC2BAE81768</key>
		<dict>
			<key>buildActionMask</key>
			<string>2147483647</string>
			<key>files</key>
			<array/>
			<key>inputPaths</key>
			<array/>
			<key>isa</key>
			<string>PBXShellScriptBuildPhase</string>
			<key>name</key>
			<string>Check Pods Manifest.lock</string>
			<key>outputPaths</key>
			<array/>
			<key>runOnlyForDeploymentPostprocessing</key>
			<string>0</string>
			<key>shellPath</key>
			<string>/bin/sh</string>
			<key>shellScript</key>
			<string>diff "${PODS_ROOT}/../Podfile.lock" "${PODS_ROOT}/Manifest.lock" &gt; /dev/null
if [[ $? != 0 ]] ; then
    cat &lt;&lt; EOM
error: The sandbox is not in sync with the Podfile.lock. Run 'pod install' or update your CocoaPods installation.
EOM
    exit 1
fi
</string>
			<key>showEnvVarsInLog</key>
			<string>0</string>
		</dict>
		<key>6A5C709549BF14D0F6CFFB75</key>
		<dict>
			<key>includeInIndex</key>
			<string>1</string>
			<key>isa</key>
			<string>PBXFileReference</string>
			<key>lastKnownFileType</key>
			<string>text.xcconfig</string>
			<key>name</key>
			<string>Pods-osx.release.xcconfig</string>
			<key>path</key>
			<string>Pods/Target Support Files/Pods-osx/Pods-osx.release.xcconfig</string>
			<key>sourceTree</key>
			<string>&lt;group&gt;</string>
		</dict>
		<key>6D86BAA5C6174E98AE719CE9</key>
		<dict>
			<key>fileRef</key>
			<string>55E73C267F33406A9F92476C</string>
			<key>isa</key>
			<string>PBXBuildFile</string>
		</dict>
		<key>7DA977C546BFBDCA4202BDE1</key>
		<dict>
			<key>includeInIndex</key>
			<string>1</string>
			<key>isa</key>
			<string>PBXFileReference</string>
			<key>lastKnownFileType</key>
			<string>text.xcconfig</string>
			<key>name</key>
			<string>Pods-ios.debug.xcconfig</string>
			<key>path</key>
			<string>Pods/Target Support Files/Pods-ios/Pods-ios.debug.xcconfig</string>
			<key>sourceTree</key>
			<string>&lt;group&gt;</string>
		</dict>
		<key>96A923755B00464187DEDBAF</key>
		<dict>
			<key>explicitFileType</key>
			<string>archive.ar</string>
			<key>includeInIndex</key>
			<string>0</string>
			<key>isa</key>
			<string>PBXFileReference</string>
			<key>path</key>
			<string>libPods-osx.a</string>
			<key>sourceTree</key>
			<string>BUILT_PRODUCTS_DIR</string>
		</dict>
		<key>A74DA00518D2FB9400F3B969</key>
		<dict>
			<key>children</key>
			<array>
				<string>A74DA00618D2FB9400F3B969</string>
				<string>A74DA00718D2FB9400F3B969</string>
				<string>A74DA00818D2FB9400F3B969</string>
			</array>
			<key>isa</key>
			<string>PBXGroup</string>
			<key>name</key>
			<string>SelfSigned</string>
			<key>path</key>
			<string>Resources/SelfSigned</string>
			<key>sourceTree</key>
			<string>&lt;group&gt;</string>
		</dict>
		<key>A74DA00618D2FB9400F3B969</key>
		<dict>
			<key>isa</key>
			<string>PBXFileReference</string>
			<key>lastKnownFileType</key>
			<string>file</string>
			<key>path</key>
			<string>AltName.cer</string>
			<key>sourceTree</key>
			<string>&lt;group&gt;</string>
		</dict>
		<key>A74DA00718D2FB9400F3B969</key>
		<dict>
			<key>isa</key>
			<string>PBXFileReference</string>
			<key>lastKnownFileType</key>
			<string>file</string>
			<key>path</key>
			<string>foobar.com.cer</string>
			<key>sourceTree</key>
			<string>&lt;group&gt;</string>
		</dict>
		<key>A74DA00818D2FB9400F3B969</key>
		<dict>
			<key>isa</key>
			<string>PBXFileReference</string>
			<key>lastKnownFileType</key>
			<string>file</string>
			<key>path</key>
			<string>NoDomains.cer</string>
			<key>sourceTree</key>
			<string>&lt;group&gt;</string>
		</dict>
		<key>B706CB44FD8499050114F387</key>
		<dict>
			<key>includeInIndex</key>
			<string>1</string>
			<key>isa</key>
			<string>PBXFileReference</string>
			<key>lastKnownFileType</key>
			<string>text.xcconfig</string>
			<key>name</key>
			<string>Pods-osx.debug.xcconfig</string>
			<key>path</key>
			<string>Pods/Target Support Files/Pods-osx/Pods-osx.debug.xcconfig</string>
			<key>sourceTree</key>
			<string>&lt;group&gt;</string>
		</dict>
		<key>BC3ED500BB70CE9E77C8A7EB</key>
		<dict>
			<key>children</key>
			<array>
				<string>7DA977C546BFBDCA4202BDE1</string>
				<string>E0F269CBD8FCAA0AFB0FC7F0</string>
				<string>B706CB44FD8499050114F387</string>
				<string>6A5C709549BF14D0F6CFFB75</string>
			</array>
			<key>isa</key>
			<string>PBXGroup</string>
			<key>name</key>
			<string>Pods</string>
			<key>sourceTree</key>
			<string>&lt;group&gt;</string>
		</dict>
		<key>D728EB5862164B87922C9B80</key>
		<dict>
			<key>buildActionMask</key>
			<string>2147483647</string>
			<key>files</key>
			<array/>
			<key>inputPaths</key>
			<array/>
			<key>isa</key>
			<string>PBXShellScriptBuildPhase</string>
			<key>name</key>
			<string>Copy Pods Resources</string>
			<key>outputPaths</key>
			<array/>
			<key>runOnlyForDeploymentPostprocessing</key>
			<string>0</string>
			<key>shellPath</key>
			<string>/bin/sh</string>
			<key>shellScript</key>
			<string>"${SRCROOT}/Pods/Target Support Files/Pods-osx/Pods-osx-resources.sh"
</string>
			<key>showEnvVarsInLog</key>
			<string>0</string>
		</dict>
		<key>DFF6BB8B6C8D4F8ABC235667</key>
		<dict>
			<key>buildActionMask</key>
			<string>2147483647</string>
			<key>files</key>
			<array/>
			<key>inputPaths</key>
			<array/>
			<key>isa</key>
			<string>PBXShellScriptBuildPhase</string>
			<key>name</key>
			<string>Copy Pods Resources</string>
			<key>outputPaths</key>
			<array/>
			<key>runOnlyForDeploymentPostprocessing</key>
			<string>0</string>
			<key>shellPath</key>
			<string>/bin/sh</string>
			<key>shellScript</key>
			<string>"${SRCROOT}/Pods/Target Support Files/Pods-ios/Pods-ios-resources.sh"
</string>
			<key>showEnvVarsInLog</key>
			<string>0</string>
		</dict>
		<key>E0F269CBD8FCAA0AFB0FC7F0</key>
		<dict>
			<key>includeInIndex</key>
			<string>1</string>
			<key>isa</key>
			<string>PBXFileReference</string>
			<key>lastKnownFileType</key>
			<string>text.xcconfig</string>
			<key>name</key>
			<string>Pods-ios.release.xcconfig</string>
			<key>path</key>
			<string>Pods/Target Support Files/Pods-ios/Pods-ios.release.xcconfig</string>
			<key>sourceTree</key>
			<string>&lt;group&gt;</string>
		</dict>
		<key>F4A3418B19CBD2A700DAC2DC</key>
		<dict>
			<key>children</key>
			<array>
				<string>F4DE770619C963D80040EF30</string>
				<string>F4DE770719C963D80040EF30</string>
				<string>F4DE770919C9642E0040EF30</string>
				<string>F4DE770A19C9642E0040EF30</string>
			</array>
			<key>isa</key>
			<string>PBXGroup</string>
			<key>name</key>
			<string>Contact</string>
			<key>sourceTree</key>
			<string>&lt;group&gt;</string>
		</dict>
		<key>F4A3418C19CBD2AE00DAC2DC</key>
		<dict>
			<key>children</key>
			<array>
				<string>F4A3418D19CBD2C400DAC2DC</string>
				<string>F4A3418E19CBD2C400DAC2DC</string>
				<string>F4A3419119CBD30A00DAC2DC</string>
				<string>F4A3419219CBD30A00DAC2DC</string>
			</array>
			<key>isa</key>
			<string>PBXGroup</string>
			<key>name</key>
			<string>Order</string>
			<key>sourceTree</key>
			<string>&lt;group&gt;</string>
		</dict>
		<key>F4A3418D19CBD2C400DAC2DC</key>
		<dict>
			<key>fileEncoding</key>
			<string>4</string>
			<key>isa</key>
			<string>PBXFileReference</string>
			<key>lastKnownFileType</key>
			<string>sourcecode.c.h</string>
			<key>name</key>
			<string>OrderList.h</string>
			<key>path</key>
			<string>Classes/OrderList.h</string>
			<key>sourceTree</key>
			<string>&lt;group&gt;</string>
		</dict>
		<key>F4A3418E19CBD2C400DAC2DC</key>
		<dict>
			<key>fileEncoding</key>
			<string>4</string>
			<key>isa</key>
			<string>PBXFileReference</string>
			<key>lastKnownFileType</key>
			<string>sourcecode.c.objc</string>
			<key>name</key>
			<string>OrderList.m</string>
			<key>path</key>
			<string>Classes/OrderList.m</string>
			<key>sourceTree</key>
			<string>&lt;group&gt;</string>
		</dict>
		<key>F4A3418F19CBD2C400DAC2DC</key>
		<dict>
			<key>fileRef</key>
			<string>F4A3418E19CBD2C400DAC2DC</string>
			<key>isa</key>
			<string>PBXBuildFile</string>
		</dict>
		<key>F4A3419019CBD2C400DAC2DC</key>
		<dict>
			<key>fileRef</key>
			<string>F4A3418E19CBD2C400DAC2DC</string>
			<key>isa</key>
			<string>PBXBuildFile</string>
		</dict>
		<key>F4A3419119CBD30A00DAC2DC</key>
		<dict>
			<key>fileEncoding</key>
			<string>4</string>
			<key>isa</key>
			<string>PBXFileReference</string>
			<key>lastKnownFileType</key>
			<string>sourcecode.c.h</string>
			<key>name</key>
			<string>Order.h</string>
			<key>path</key>
			<string>Classes/Order.h</string>
			<key>sourceTree</key>
			<string>&lt;group&gt;</string>
		</dict>
		<key>F4A3419219CBD30A00DAC2DC</key>
		<dict>
			<key>fileEncoding</key>
			<string>4</string>
			<key>isa</key>
			<string>PBXFileReference</string>
			<key>lastKnownFileType</key>
			<string>sourcecode.c.objc</string>
			<key>name</key>
			<string>Order.m</string>
			<key>path</key>
			<string>Classes/Order.m</string>
			<key>sourceTree</key>
			<string>&lt;group&gt;</string>
		</dict>
		<key>F4A3419319CBD30A00DAC2DC</key>
		<dict>
			<key>fileRef</key>
			<string>F4A3419219CBD30A00DAC2DC</string>
			<key>isa</key>
			<string>PBXBuildFile</string>
		</dict>
		<key>F4A3419419CBD30A00DAC2DC</key>
		<dict>
			<key>fileRef</key>
			<string>F4A3419219CBD30A00DAC2DC</string>
			<key>isa</key>
			<string>PBXBuildFile</string>
		</dict>
		<key>F4A3419519CBD3C600DAC2DC</key>
		<dict>
			<key>fileEncoding</key>
			<string>4</string>
			<key>isa</key>
			<string>PBXFileReference</string>
			<key>lastKnownFileType</key>
			<string>sourcecode.c.objc</string>
			<key>path</key>
			<string>OrderTestCase.m</string>
			<key>sourceTree</key>
			<string>&lt;group&gt;</string>
		</dict>
		<key>F4A3419619CBD3C600DAC2DC</key>
		<dict>
			<key>fileRef</key>
			<string>F4A3419519CBD3C600DAC2DC</string>
			<key>isa</key>
			<string>PBXBuildFile</string>
		</dict>
		<key>F4A3419719CBDCE400DAC2DC</key>
		<dict>
			<key>fileRef</key>
			<string>F4A3419519CBD3C600DAC2DC</string>
			<key>isa</key>
			<string>PBXBuildFile</string>
		</dict>
		<key>F4DE770519C963AE0040EF30</key>
		<dict>
			<key>children</key>
			<array>
				<string>F4A3418C19CBD2AE00DAC2DC</string>
				<string>F4A3418B19CBD2A700DAC2DC</string>
			</array>
			<key>isa</key>
			<string>PBXGroup</string>
			<key>name</key>
			<string>Test Classes</string>
			<key>sourceTree</key>
			<string>&lt;group&gt;</string>
		</dict>
		<key>F4DE770619C963D80040EF30</key>
		<dict>
			<key>fileEncoding</key>
			<string>4</string>
			<key>isa</key>
			<string>PBXFileReference</string>
			<key>lastKnownFileType</key>
			<string>sourcecode.c.h</string>
			<key>name</key>
			<string>Contact.h</string>
			<key>path</key>
			<string>Classes/Contact.h</string>
			<key>sourceTree</key>
			<string>&lt;group&gt;</string>
		</dict>
		<key>F4DE770719C963D80040EF30</key>
		<dict>
			<key>fileEncoding</key>
			<string>4</string>
			<key>isa</key>
			<string>PBXFileReference</string>
			<key>lastKnownFileType</key>
			<string>sourcecode.c.objc</string>
			<key>name</key>
			<string>Contact.m</string>
			<key>path</key>
			<string>Classes/Contact.m</string>
			<key>sourceTree</key>
			<string>&lt;group&gt;</string>
		</dict>
		<key>F4DE770819C963D80040EF30</key>
		<dict>
			<key>fileRef</key>
			<string>F4DE770719C963D80040EF30</string>
			<key>isa</key>
			<string>PBXBuildFile</string>
		</dict>
		<key>F4DE770919C9642E0040EF30</key>
		<dict>
			<key>fileEncoding</key>
			<string>4</string>
			<key>isa</key>
			<string>PBXFileReference</string>
			<key>lastKnownFileType</key>
			<string>sourcecode.c.h</string>
			<key>name</key>
			<string>Address.h</string>
			<key>path</key>
			<string>Classes/Address.h</string>
			<key>sourceTree</key>
			<string>&lt;group&gt;</string>
		</dict>
		<key>F4DE770A19C9642E0040EF30</key>
		<dict>
			<key>fileEncoding</key>
			<string>4</string>
			<key>isa</key>
			<string>PBXFileReference</string>
			<key>lastKnownFileType</key>
			<string>sourcecode.c.objc</string>
			<key>name</key>
			<string>Address.m</string>
			<key>path</key>
			<string>Classes/Address.m</string>
			<key>sourceTree</key>
			<string>&lt;group&gt;</string>
		</dict>
		<key>F4DE770B19C9642E0040EF30</key>
		<dict>
			<key>fileRef</key>
			<string>F4DE770A19C9642E0040EF30</string>
			<key>isa</key>
			<string>PBXBuildFile</string>
		</dict>
		<key>F4DE770C19C9642E0040EF30</key>
		<dict>
			<key>fileRef</key>
			<string>F4DE770A19C9642E0040EF30</string>
			<key>isa</key>
			<string>PBXBuildFile</string>
		</dict>
		<key>F4DE770D19C964320040EF30</key>
		<dict>
			<key>fileRef</key>
			<string>F4DE770719C963D80040EF30</string>
			<key>isa</key>
			<string>PBXBuildFile</string>
		</dict>
		<key>F4DE770E19C9646A0040EF30</key>
		<dict>
			<key>fileEncoding</key>
			<string>4</string>
			<key>isa</key>
			<string>PBXFileReference</string>
			<key>lastKnownFileType</key>
			<string>sourcecode.c.objc</string>
			<key>path</key>
			<string>ContactTestCase.m</string>
			<key>sourceTree</key>
			<string>&lt;group&gt;</string>
		</dict>
		<key>F4DE770F19C9646A0040EF30</key>
		<dict>
			<key>fileRef</key>
			<string>F4DE770E19C9646A0040EF30</string>
			<key>isa</key>
			<string>PBXBuildFile</string>
		</dict>
		<key>F4DE771019C966280040EF30</key>
		<dict>
			<key>isa</key>
			<string>PBXFileReference</string>
			<key>lastKnownFileType</key>
			<string>folder</string>
			<key>name</key>
			<string>Fixtures</string>
			<key>path</key>
			<string>Resources/Fixtures</string>
			<key>sourceTree</key>
			<string>&lt;group&gt;</string>
		</dict>
		<key>F4DE771119C966280040EF30</key>
		<dict>
			<key>fileRef</key>
			<string>F4DE771019C966280040EF30</string>
			<key>isa</key>
			<string>PBXBuildFile</string>
		</dict>
		<key>F4DE771319C969240040EF30</key>
		<dict>
			<key>fileRef</key>
			<string>F4DE770E19C9646A0040EF30</string>
			<key>isa</key>
			<string>PBXBuildFile</string>
		</dict>
		<key>F4DE771419C969A90040EF30</key>
		<dict>
			<key>fileRef</key>
			<string>F4DE771019C966280040EF30</string>
			<key>isa</key>
			<string>PBXBuildFile</string>
		</dict>
		<key>F8C6F281174D2C6200B154D5</key>
		<dict>
			<key>isa</key>
			<string>PBXFileReference</string>
			<key>lastKnownFileType</key>
			<string>image.png</string>
			<key>name</key>
			<string>Icon.png</string>
			<key>path</key>
			<string>../Example/Icon.png</string>
			<key>sourceTree</key>
			<string>&lt;group&gt;</string>
		</dict>
		<key>F8E801E9175AC34D008D3886</key>
		<dict>
			<key>children</key>
			<array>
				<string>29CBFC7B17DF74A80021AB75</string>
				<string>29CBFC4E17DF61920021AB75</string>
				<string>A74DA00518D2FB9400F3B969</string>
			</array>
			<key>isa</key>
			<string>PBXGroup</string>
			<key>name</key>
			<string>Certificates</string>
			<key>sourceTree</key>
			<string>&lt;group&gt;</string>
		</dict>
	</dict>
	<key>rootObject</key>
	<string>2544EC2A173BE382004117E8</string>
</dict>
</plist>
